
Microsoft Visual Studio Solution File, Format Version 12.00
# Visual Studio Version 17
VisualStudioVersion = 17.9.34723.18
MinimumVisualStudioVersion = 10.0.40219.1
Project("{FAE04EC0-301F-11D3-BF4B-00C04F79EFBC}") = "TypeAndVariables", "TypeAndVariables\TypeAndVariables.csproj", "{F2C53655-6FED-4239-A11A-D5300509C383}"
EndProject
Project("{FAE04EC0-301F-11D3-BF4B-00C04F79EFBC}") = "Conditionals", "Conditionals\Conditionals.csproj", "{F4D7BF21-D808-4B4D-8174-C906E20EFD53}"
EndProject
Global
	GlobalSection(SolutionConfigurationPlatforms) = preSolution
		Debug|Any CPU = Debug|Any CPU
		Release|Any CPU = Release|Any CPU
	EndGlobalSection
	GlobalSection(ProjectConfigurationPlatforms) = postSolution
		{F2C53655-6FED-4239-A11A-D5300509C383}.Debug|Any CPU.ActiveCfg = Debug|Any CPU
		{F2C53655-6FED-4239-A11A-D5300509C383}.Debug|Any CPU.Build.0 = Debug|Any CPU
		{F2C53655-6FED-4239-A11A-D5300509C383}.Release|Any CPU.ActiveCfg = Release|Any CPU
		{F2C53655-6FED-4239-A11A-D5300509C383}.Release|Any CPU.Build.0 = Release|Any CPU
		{F4D7BF21-D808-4B4D-8174-C906E20EFD53}.Debug|Any CPU.ActiveCfg = Debug|Any CPU
		{F4D7BF21-D808-4B4D-8174-C906E20EFD53}.Debug|Any CPU.Build.0 = Debug|Any CPU
		{F4D7BF21-D808-4B4D-8174-C906E20EFD53}.Release|Any CPU.ActiveCfg = Release|Any CPU
		{F4D7BF21-D808-4B4D-8174-C906E20EFD53}.Release|Any CPU.Build.0 = Release|Any CPU
	EndGlobalSection
	GlobalSection(SolutionProperties) = preSolution
		HideSolutionNode = FALSE
	EndGlobalSection
	GlobalSection(ExtensibilityGlobals) = postSolution
		SolutionGuid = {8C946587-E4E4-4566-AAB5-6AA4B4F74FD5}
	EndGlobalSection
EndGlobal
